
Microsoft Visual Studio Solution File, Format Version 12.00
# Visual Studio Version 17
VisualStudioVersion = 17.7.33913.275
MinimumVisualStudioVersion = 10.0.40219.1
Project("{FAE04EC0-301F-11D3-BF4B-00C04F79EFBC}") = "parallel-in-dotnet", "parallel-in-dotnet\parallel-in-dotnet.csproj", "{8D39E2FD-A857-4568-8D8D-169483143633}"
EndProject
Global
	GlobalSection(SolutionConfigurationPlatforms) = preSolution
		Debug|Any CPU = Debug|Any CPU
		Release|Any CPU = Release|Any CPU
	EndGlobalSection
	GlobalSection(ProjectConfigurationPlatforms) = postSolution
		{8D39E2FD-A857-4568-8D8D-169483143633}.Debug|Any CPU.ActiveCfg = Debug|Any CPU
		{8D39E2FD-A857-4568-8D8D-169483143633}.Debug|Any CPU.Build.0 = Debug|Any CPU
		{8D39E2FD-A857-4568-8D8D-169483143633}.Release|Any CPU.ActiveCfg = Release|Any CPU
		{8D39E2FD-A857-4568-8D8D-169483143633}.Release|Any CPU.Build.0 = Release|Any CPU
	EndGlobalSection
	GlobalSection(SolutionProperties) = preSolution
		HideSolutionNode = FALSE
	EndGlobalSection
	GlobalSection(ExtensibilityGlobals) = postSolution
		SolutionGuid = {6C28C776-45F3-4EFE-8CE3-11D9708A80F7}
	EndGlobalSection
EndGlobal
